
Microsoft Visual Studio Solution File, Format Version 12.00
# Visual Studio Version 17
VisualStudioVersion = 17.5.33516.290
MinimumVisualStudioVersion = 10.0.40219.1
Project("{9A19103F-16F7-4668-BE54-9A1E7A4F7556}") = "CoffeeShopBack", "CoffeeShopBack\CoffeeShopBack.csproj", "{E05EFDCD-6E30-4145-AAFF-A2D9D5517579}"
EndProject
Project("{FAE04EC0-301F-11D3-BF4B-00C04F79EFBC}") = "Domain", "Domain\Domain.csproj", "{134553BB-518D-48E3-B359-57679990DF95}"
EndProject
Project("{FAE04EC0-301F-11D3-BF4B-00C04F79EFBC}") = "Infrastructure", "Infrastructure\Infrastructure.csproj", "{68006CAA-BC2B-40F1-A759-CE70F2FBA6C8}"
EndProject
Project("{FAE04EC0-301F-11D3-BF4B-00C04F79EFBC}") = "Application", "Application\Application.csproj", "{56CA8DD7-0B25-489B-8A49-4578426F8FBF}"
EndProject
Global
	GlobalSection(SolutionConfigurationPlatforms) = preSolution
		Debug|Any CPU = Debug|Any CPU
		Release|Any CPU = Release|Any CPU
	EndGlobalSection
	GlobalSection(ProjectConfigurationPlatforms) = postSolution
		{E05EFDCD-6E30-4145-AAFF-A2D9D5517579}.Debug|Any CPU.ActiveCfg = Debug|Any CPU
		{E05EFDCD-6E30-4145-AAFF-A2D9D5517579}.Debug|Any CPU.Build.0 = Debug|Any CPU
		{E05EFDCD-6E30-4145-AAFF-A2D9D5517579}.Release|Any CPU.ActiveCfg = Release|Any CPU
		{E05EFDCD-6E30-4145-AAFF-A2D9D5517579}.Release|Any CPU.Build.0 = Release|Any CPU
		{134553BB-518D-48E3-B359-57679990DF95}.Debug|Any CPU.ActiveCfg = Debug|Any CPU
		{134553BB-518D-48E3-B359-57679990DF95}.Debug|Any CPU.Build.0 = Debug|Any CPU
		{134553BB-518D-48E3-B359-57679990DF95}.Release|Any CPU.ActiveCfg = Release|Any CPU
		{134553BB-518D-48E3-B359-57679990DF95}.Release|Any CPU.Build.0 = Release|Any CPU
		{68006CAA-BC2B-40F1-A759-CE70F2FBA6C8}.Debug|Any CPU.ActiveCfg = Debug|Any CPU
		{68006CAA-BC2B-40F1-A759-CE70F2FBA6C8}.Debug|Any CPU.Build.0 = Debug|Any CPU
		{68006CAA-BC2B-40F1-A759-CE70F2FBA6C8}.Release|Any CPU.ActiveCfg = Release|Any CPU
		{68006CAA-BC2B-40F1-A759-CE70F2FBA6C8}.Release|Any CPU.Build.0 = Release|Any CPU
		{56CA8DD7-0B25-489B-8A49-4578426F8FBF}.Debug|Any CPU.ActiveCfg = Debug|Any CPU
		{56CA8DD7-0B25-489B-8A49-4578426F8FBF}.Debug|Any CPU.Build.0 = Debug|Any CPU
		{56CA8DD7-0B25-489B-8A49-4578426F8FBF}.Release|Any CPU.ActiveCfg = Release|Any CPU
		{56CA8DD7-0B25-489B-8A49-4578426F8FBF}.Release|Any CPU.Build.0 = Release|Any CPU
	EndGlobalSection
	GlobalSection(SolutionProperties) = preSolution
		HideSolutionNode = FALSE
	EndGlobalSection
	GlobalSection(ExtensibilityGlobals) = postSolution
		SolutionGuid = {135E58B6-8399-4590-874C-7AF92FC34CAC}
	EndGlobalSection
EndGlobal
